
Microsoft Visual Studio Solution File, Format Version 12.00
# Visual Studio Version 17
VisualStudioVersion = 17.8.34525.116
MinimumVisualStudioVersion = 10.0.40219.1
Project("{FAE04EC0-301F-11D3-BF4B-00C04F79EFBC}") = "Core_API_MongoDb", "Core_API_MongoDb\Core_API_MongoDb.csproj", "{0A9A371D-A87F-4087-8547-04256CF3FBC4}"
EndProject
Global
	GlobalSection(SolutionConfigurationPlatforms) = preSolution
		Debug|Any CPU = Debug|Any CPU
		Release|Any CPU = Release|Any CPU
	EndGlobalSection
	GlobalSection(ProjectConfigurationPlatforms) = postSolution
		{0A9A371D-A87F-4087-8547-04256CF3FBC4}.Debug|Any CPU.ActiveCfg = Debug|Any CPU
		{0A9A371D-A87F-4087-8547-04256CF3FBC4}.Debug|Any CPU.Build.0 = Debug|Any CPU
		{0A9A371D-A87F-4087-8547-04256CF3FBC4}.Release|Any CPU.ActiveCfg = Release|Any CPU
		{0A9A371D-A87F-4087-8547-04256CF3FBC4}.Release|Any CPU.Build.0 = Release|Any CPU
	EndGlobalSection
	GlobalSection(SolutionProperties) = preSolution
		HideSolutionNode = FALSE
	EndGlobalSection
	GlobalSection(ExtensibilityGlobals) = postSolution
		SolutionGuid = {E9D98E20-D682-4E9C-9126-D468C3090A58}
	EndGlobalSection
EndGlobal
